
Microsoft Visual Studio Solution File, Format Version 11.00
# Visual Studio 2010
Project("{F184B08F-C81C-45F6-A57F-5ABD9991F28F}") = "ChristiansCarRentals", "ChristiansCarRentals\ChristiansCarRentals.vbproj", "{12DC5C62-6B27-421A-8846-1552C2A18A87}"
EndProject
Project("{F184B08F-C81C-45F6-A57F-5ABD9991F28F}") = "Business", "Standard\Business.vbproj", "{FB43F67A-6A5D-41A6-BC7D-015AD5849DEB}"
EndProject
Project("{F184B08F-C81C-45F6-A57F-5ABD9991F28F}") = "CustomerData", "CustomerData\CustomerData.vbproj", "{D027B2A8-6755-49BB-B687-090B1E81C837}"
EndProject
Global
	GlobalSection(SolutionConfigurationPlatforms) = preSolution
		Debug|Any CPU = Debug|Any CPU
		Debug|Mixed Platforms = Debug|Mixed Platforms
		Debug|x86 = Debug|x86
		Release|Any CPU = Release|Any CPU
		Release|Mixed Platforms = Release|Mixed Platforms
		Release|x86 = Release|x86
	EndGlobalSection
	GlobalSection(ProjectConfigurationPlatforms) = postSolution
		{12DC5C62-6B27-421A-8846-1552C2A18A87}.Debug|Any CPU.ActiveCfg = Debug|x86
		{12DC5C62-6B27-421A-8846-1552C2A18A87}.Debug|Mixed Platforms.ActiveCfg = Debug|x86
		{12DC5C62-6B27-421A-8846-1552C2A18A87}.Debug|Mixed Platforms.Build.0 = Debug|x86
		{12DC5C62-6B27-421A-8846-1552C2A18A87}.Debug|x86.ActiveCfg = Debug|x86
		{12DC5C62-6B27-421A-8846-1552C2A18A87}.Debug|x86.Build.0 = Debug|x86
		{12DC5C62-6B27-421A-8846-1552C2A18A87}.Release|Any CPU.ActiveCfg = Release|x86
		{12DC5C62-6B27-421A-8846-1552C2A18A87}.Release|Mixed Platforms.ActiveCfg = Release|x86
		{12DC5C62-6B27-421A-8846-1552C2A18A87}.Release|Mixed Platforms.Build.0 = Release|x86
		{12DC5C62-6B27-421A-8846-1552C2A18A87}.Release|x86.ActiveCfg = Release|x86
		{12DC5C62-6B27-421A-8846-1552C2A18A87}.Release|x86.Build.0 = Release|x86
		{FB43F67A-6A5D-41A6-BC7D-015AD5849DEB}.Debug|Any CPU.ActiveCfg = Debug|Any CPU
		{FB43F67A-6A5D-41A6-BC7D-015AD5849DEB}.Debug|Any CPU.Build.0 = Debug|Any CPU
		{FB43F67A-6A5D-41A6-BC7D-015AD5849DEB}.Debug|Mixed Platforms.ActiveCfg = Debug|Any CPU
		{FB43F67A-6A5D-41A6-BC7D-015AD5849DEB}.Debug|Mixed Platforms.Build.0 = Debug|Any CPU
		{FB43F67A-6A5D-41A6-BC7D-015AD5849DEB}.Debug|x86.ActiveCfg = Debug|Any CPU
		{FB43F67A-6A5D-41A6-BC7D-015AD5849DEB}.Release|Any CPU.ActiveCfg = Release|Any CPU
		{FB43F67A-6A5D-41A6-BC7D-015AD5849DEB}.Release|Any CPU.Build.0 = Release|Any CPU
		{FB43F67A-6A5D-41A6-BC7D-015AD5849DEB}.Release|Mixed Platforms.ActiveCfg = Release|Any CPU
		{FB43F67A-6A5D-41A6-BC7D-015AD5849DEB}.Release|Mixed Platforms.Build.0 = Release|Any CPU
		{FB43F67A-6A5D-41A6-BC7D-015AD5849DEB}.Release|x86.ActiveCfg = Release|Any CPU
		{D027B2A8-6755-49BB-B687-090B1E81C837}.Debug|Any CPU.ActiveCfg = Debug|Any CPU
		{D027B2A8-6755-49BB-B687-090B1E81C837}.Debug|Any CPU.Build.0 = Debug|Any CPU
		{D027B2A8-6755-49BB-B687-090B1E81C837}.Debug|Mixed Platforms.ActiveCfg = Debug|Any CPU
		{D027B2A8-6755-49BB-B687-090B1E81C837}.Debug|Mixed Platforms.Build.0 = Debug|Any CPU
		{D027B2A8-6755-49BB-B687-090B1E81C837}.Debug|x86.ActiveCfg = Debug|Any CPU
		{D027B2A8-6755-49BB-B687-090B1E81C837}.Release|Any CPU.ActiveCfg = Release|Any CPU
		{D027B2A8-6755-49BB-B687-090B1E81C837}.Release|Any CPU.Build.0 = Release|Any CPU
		{D027B2A8-6755-49BB-B687-090B1E81C837}.Release|Mixed Platforms.ActiveCfg = Release|Any CPU
		{D027B2A8-6755-49BB-B687-090B1E81C837}.Release|Mixed Platforms.Build.0 = Release|Any CPU
		{D027B2A8-6755-49BB-B687-090B1E81C837}.Release|x86.ActiveCfg = Release|Any CPU
	EndGlobalSection
	GlobalSection(SolutionProperties) = preSolution
		HideSolutionNode = FALSE
	EndGlobalSection
EndGlobal
